
Microsoft Visual Studio Solution File, Format Version 12.00
# Visual Studio Version 16
VisualStudioVersion = 16.0.30711.63
MinimumVisualStudioVersion = 10.0.40219.1
Project("{9A19103F-16F7-4668-BE54-9A1E7A4F7556}") = "FiledDotComTest", "FiledDotComTest\FiledDotComTest.csproj", "{EDF5DC20-1200-4E34-8638-638669DEEEFC}"
EndProject
Project("{FAE04EC0-301F-11D3-BF4B-00C04F79EFBC}") = "Test", "Test\Test.csproj", "{8389501E-FF25-4E74-9ADB-B200AC7E3F90}"
EndProject
Global
	GlobalSection(SolutionConfigurationPlatforms) = preSolution
		Debug|Any CPU = Debug|Any CPU
		Release|Any CPU = Release|Any CPU
	EndGlobalSection
	GlobalSection(ProjectConfigurationPlatforms) = postSolution
		{EDF5DC20-1200-4E34-8638-638669DEEEFC}.Debug|Any CPU.ActiveCfg = Debug|Any CPU
		{EDF5DC20-1200-4E34-8638-638669DEEEFC}.Debug|Any CPU.Build.0 = Debug|Any CPU
		{EDF5DC20-1200-4E34-8638-638669DEEEFC}.Release|Any CPU.ActiveCfg = Release|Any CPU
		{EDF5DC20-1200-4E34-8638-638669DEEEFC}.Release|Any CPU.Build.0 = Release|Any CPU
		{8389501E-FF25-4E74-9ADB-B200AC7E3F90}.Debug|Any CPU.ActiveCfg = Debug|Any CPU
		{8389501E-FF25-4E74-9ADB-B200AC7E3F90}.Debug|Any CPU.Build.0 = Debug|Any CPU
		{8389501E-FF25-4E74-9ADB-B200AC7E3F90}.Release|Any CPU.ActiveCfg = Release|Any CPU
		{8389501E-FF25-4E74-9ADB-B200AC7E3F90}.Release|Any CPU.Build.0 = Release|Any CPU
	EndGlobalSection
	GlobalSection(SolutionProperties) = preSolution
		HideSolutionNode = FALSE
	EndGlobalSection
	GlobalSection(ExtensibilityGlobals) = postSolution
		SolutionGuid = {2C3AB43D-1A47-4F1B-848D-5DC68C06A131}
	EndGlobalSection
EndGlobal
